
Microsoft Visual Studio Solution File, Format Version 12.00
# Visual Studio 15
Project("{FAE04EC0-301F-11D3-BF4B-00C04F79EFBC}") = "UnityEngine.TestRunner", "UnityEngine.TestRunner.csproj", "{C06D5AF1-5A4C-749B-72EF-6E05C1F74EB0}"
EndProject
Project("{FAE04EC0-301F-11D3-BF4B-00C04F79EFBC}") = "Unity.Mathematics", "Unity.Mathematics.csproj", "{BE1926A2-F886-61FE-6B01-E33934D0BD33}"
EndProject
Project("{FAE04EC0-301F-11D3-BF4B-00C04F79EFBC}") = "Unity.Timeline", "Unity.Timeline.csproj", "{1C85B7E8-1CC0-D890-3983-8DCB815FCEF8}"
EndProject
Project("{FAE04EC0-301F-11D3-BF4B-00C04F79EFBC}") = "UnityEngine.UI", "UnityEngine.UI.csproj", "{20BDC4C6-F84A-6F31-75D9-042B13F650E5}"
EndProject
Project("{FAE04EC0-301F-11D3-BF4B-00C04F79EFBC}") = "Unity.TextMeshPro", "Unity.TextMeshPro.csproj", "{A6C3C699-C403-4358-073E-D918B54D3187}"
EndProject
Project("{FAE04EC0-301F-11D3-BF4B-00C04F79EFBC}") = "Unity.2D.Animation.Runtime", "Unity.2D.Animation.Runtime.csproj", "{A452AD83-22AD-CC03-A3FD-778BBFF70167}"
EndProject
Project("{FAE04EC0-301F-11D3-BF4B-00C04F79EFBC}") = "Unity.2D.IK.Runtime", "Unity.2D.IK.Runtime.csproj", "{4E15A6D0-9BDE-3AAE-A721-89BE73CCBBFA}"
EndProject
Project("{FAE04EC0-301F-11D3-BF4B-00C04F79EFBC}") = "Unity.2D.SpriteShape.Runtime", "Unity.2D.SpriteShape.Runtime.csproj", "{8B89AA97-5D32-DEC8-FDB7-47D683CF30BA}"
EndProject
Project("{FAE04EC0-301F-11D3-BF4B-00C04F79EFBC}") = "Unity.2D.PixelPerfect", "Unity.2D.PixelPerfect.csproj", "{B51B8F5D-8C45-06AB-3AB2-2B4501B70431}"
EndProject
Project("{FAE04EC0-301F-11D3-BF4B-00C04F79EFBC}") = "Unity.2D.Common.Runtime", "Unity.2D.Common.Runtime.csproj", "{2287B19C-8F58-B903-8B7F-8009BE3E4BDB}"
EndProject
Project("{FAE04EC0-301F-11D3-BF4B-00C04F79EFBC}") = "Unity.InternalAPIEngineBridge.001", "Unity.InternalAPIEngineBridge.001.csproj", "{083E9AC5-572D-A88A-A1A2-8A8DFB8D17FB}"
EndProject
Project("{FAE04EC0-301F-11D3-BF4B-00C04F79EFBC}") = "Assembly-CSharp", "Assembly-CSharp.csproj", "{DED4DB2D-EA77-559C-ACF1-764C1F023161}"
EndProject
Project("{FAE04EC0-301F-11D3-BF4B-00C04F79EFBC}") = "UnityEditor.TestRunner", "UnityEditor.TestRunner.csproj", "{3E0F8AD0-5A0A-9ED1-1475-9CCACCB12A9C}"
EndProject
Project("{FAE04EC0-301F-11D3-BF4B-00C04F79EFBC}") = "Unity.PlasticSCM.Editor", "Unity.PlasticSCM.Editor.csproj", "{4094C824-743B-F33A-311E-CC496CDA145C}"
EndProject
Project("{FAE04EC0-301F-11D3-BF4B-00C04F79EFBC}") = "Unity.2D.Animation.Triangle.Editor", "Unity.2D.Animation.Triangle.Editor.csproj", "{CCD3669F-BF0E-5D89-8070-6FC0A3C4B1E7}"
EndProject
Project("{FAE04EC0-301F-11D3-BF4B-00C04F79EFBC}") = "UnityEditor.UI", "UnityEditor.UI.csproj", "{A8953561-6931-3CC3-1A27-81A2E3289257}"
EndProject
Project("{FAE04EC0-301F-11D3-BF4B-00C04F79EFBC}") = "Unity.Services.Core.Editor", "Unity.Services.Core.Editor.csproj", "{5DC837A7-B323-6129-51EC-107ACFCFE0E6}"
EndProject
Project("{FAE04EC0-301F-11D3-BF4B-00C04F79EFBC}") = "Unity.Timeline.Editor", "Unity.Timeline.Editor.csproj", "{C2DFC11A-CA2C-96DA-E892-AE317626B11C}"
EndProject
Project("{FAE04EC0-301F-11D3-BF4B-00C04F79EFBC}") = "Unity.VisualStudio.Editor", "Unity.VisualStudio.Editor.csproj", "{7CA89298-C2A3-9B18-ED50-B8FDA29B9906}"
EndProject
Project("{FAE04EC0-301F-11D3-BF4B-00C04F79EFBC}") = "Unity.2D.Psdimporter.Editor", "Unity.2D.Psdimporter.Editor.csproj", "{9A951E79-3374-0EEA-2401-C4F5D514A967}"
EndProject
Project("{FAE04EC0-301F-11D3-BF4B-00C04F79EFBC}") = "Unity.2D.Animation.Editor", "Unity.2D.Animation.Editor.csproj", "{6AE32BAA-FAC4-FD6D-86A9-DE28B04DF8C1}"
EndProject
Project("{FAE04EC0-301F-11D3-BF4B-00C04F79EFBC}") = "Unity.TextMeshPro.Editor", "Unity.TextMeshPro.Editor.csproj", "{51E5B645-C7BC-473C-4E44-2FE6E966644A}"
EndProject
Project("{FAE04EC0-301F-11D3-BF4B-00C04F79EFBC}") = "Unity.2D.SpriteShape.Editor", "Unity.2D.SpriteShape.Editor.csproj", "{D73D7CC6-6447-C7EC-9FFE-673F7F55344E}"
EndProject
Project("{FAE04EC0-301F-11D3-BF4B-00C04F79EFBC}") = "Unity.CollabProxy.Editor", "Unity.CollabProxy.Editor.csproj", "{52D88A58-093C-04DF-8525-F22C3D89D3B7}"
EndProject
Project("{FAE04EC0-301F-11D3-BF4B-00C04F79EFBC}") = "PsdPlugin", "PsdPlugin.csproj", "{7FD86F1B-9FA1-4917-BD65-57A79D443C1E}"
EndProject
Project("{FAE04EC0-301F-11D3-BF4B-00C04F79EFBC}") = "Unity.2D.Path.Editor", "Unity.2D.Path.Editor.csproj", "{68E119DD-59FB-9808-4A75-46E380C8F625}"
EndProject
Project("{FAE04EC0-301F-11D3-BF4B-00C04F79EFBC}") = "Unity.Rider.Editor", "Unity.Rider.Editor.csproj", "{9755E300-50DA-BE8C-35FF-99227E58B715}"
EndProject
Project("{FAE04EC0-301F-11D3-BF4B-00C04F79EFBC}") = "Unity.2D.IK.Editor", "Unity.2D.IK.Editor.csproj", "{0950FD25-3470-FCA2-47D6-15F719A2106C}"
EndProject
Project("{FAE04EC0-301F-11D3-BF4B-00C04F79EFBC}") = "Unity.2D.Sprite.Editor", "Unity.2D.Sprite.Editor.csproj", "{1FBB775C-43F6-86B0-7150-0478238535A1}"
EndProject
Project("{FAE04EC0-301F-11D3-BF4B-00C04F79EFBC}") = "Unity.2D.Tilemap.Editor", "Unity.2D.Tilemap.Editor.csproj", "{1DC389CE-C963-4656-1C3B-4A2C63FE8892}"
EndProject
Project("{FAE04EC0-301F-11D3-BF4B-00C04F79EFBC}") = "Unity.2D.PixelPerfect.Editor", "Unity.2D.PixelPerfect.Editor.csproj", "{C055B4D1-8E44-A493-302B-C55B1F08C20B}"
EndProject
Project("{FAE04EC0-301F-11D3-BF4B-00C04F79EFBC}") = "Unity.VSCode.Editor", "Unity.VSCode.Editor.csproj", "{86F3B99F-C2EE-E8B3-B4D7-5EC292D367A4}"
EndProject
Project("{FAE04EC0-301F-11D3-BF4B-00C04F79EFBC}") = "Unity.2D.Common.Editor", "Unity.2D.Common.Editor.csproj", "{6EC05DE2-5761-FEBE-AB20-A3918BAFBE8A}"
EndProject
Project("{FAE04EC0-301F-11D3-BF4B-00C04F79EFBC}") = "Unity.Mathematics.Editor", "Unity.Mathematics.Editor.csproj", "{34137920-2D11-9D8E-521C-60953D549451}"
EndProject
Project("{FAE04EC0-301F-11D3-BF4B-00C04F79EFBC}") = "Unity.InternalAPIEditorBridge.001", "Unity.InternalAPIEditorBridge.001.csproj", "{721084AE-6499-17DF-9E26-A2CE00D6EA51}"
EndProject
Project("{FAE04EC0-301F-11D3-BF4B-00C04F79EFBC}") = "UnityEngine.TestRunner", "UnityEngine.TestRunner.Player.csproj", "{5AB15E5B-F220-12B1-B640-C0A2BC35693F}"
EndProject
Project("{FAE04EC0-301F-11D3-BF4B-00C04F79EFBC}") = "Unity.Mathematics", "Unity.Mathematics.Player.csproj", "{F815B4B2-FD20-C0E3-A992-CD4C2DD1E2BF}"
EndProject
Project("{FAE04EC0-301F-11D3-BF4B-00C04F79EFBC}") = "Unity.Timeline", "Unity.Timeline.Player.csproj", "{FF0B662E-C3B5-96C8-D9F8-F9E19EBF63ED}"
EndProject
Project("{FAE04EC0-301F-11D3-BF4B-00C04F79EFBC}") = "UnityEngine.UI", "UnityEngine.UI.Player.csproj", "{3156D773-289C-FD55-615C-1A4C67FB1674}"
EndProject
Project("{FAE04EC0-301F-11D3-BF4B-00C04F79EFBC}") = "Unity.TextMeshPro", "Unity.TextMeshPro.Player.csproj", "{FF9328D2-C7D9-FAC0-FC2B-D72FCB5153AE}"
EndProject
Project("{FAE04EC0-301F-11D3-BF4B-00C04F79EFBC}") = "Unity.2D.Animation.Runtime", "Unity.2D.Animation.Runtime.Player.csproj", "{C564A490-EBE0-7BA0-C2EC-BA9237860421}"
EndProject
Project("{FAE04EC0-301F-11D3-BF4B-00C04F79EFBC}") = "Unity.2D.IK.Runtime", "Unity.2D.IK.Runtime.Player.csproj", "{1357789B-D04C-05A7-0706-9E520441CC03}"
EndProject
Project("{FAE04EC0-301F-11D3-BF4B-00C04F79EFBC}") = "Unity.2D.SpriteShape.Runtime", "Unity.2D.SpriteShape.Runtime.Player.csproj", "{D280B064-3AEA-4894-7A0C-EF035CB1FFFF}"
EndProject
Project("{FAE04EC0-301F-11D3-BF4B-00C04F79EFBC}") = "Unity.2D.PixelPerfect", "Unity.2D.PixelPerfect.Player.csproj", "{C169F7E8-06AC-EEB0-AB4F-83839714E02D}"
EndProject
Project("{FAE04EC0-301F-11D3-BF4B-00C04F79EFBC}") = "Unity.2D.Common.Runtime", "Unity.2D.Common.Runtime.Player.csproj", "{F4F03DAF-ABA3-7619-C1D2-F8AE5B08E2B4}"
EndProject
Project("{FAE04EC0-301F-11D3-BF4B-00C04F79EFBC}") = "Unity.InternalAPIEngineBridge.001", "Unity.InternalAPIEngineBridge.001.Player.csproj", "{CE24110D-506F-69B0-F390-05DB33FFD83A}"
EndProject
Project("{FAE04EC0-301F-11D3-BF4B-00C04F79EFBC}") = "Assembly-CSharp", "Assembly-CSharp.Player.csproj", "{6DCF136D-B34C-36C5-928E-D2C9774F2560}"
EndProject
Global
	GlobalSection(SolutionConfigurationPlatforms) = preSolution
		Debug|Any CPU = Debug|Any CPU
		Release|Any CPU = Release|Any CPU
	EndGlobalSection
	GlobalSection(ProjectConfigurationPlatforms) = postSolution
		{C06D5AF1-5A4C-749B-72EF-6E05C1F74EB0}.Debug|Any CPU.ActiveCfg = Debug|Any CPU
		{C06D5AF1-5A4C-749B-72EF-6E05C1F74EB0}.Debug|Any CPU.Build.0 = Debug|Any CPU
		{C06D5AF1-5A4C-749B-72EF-6E05C1F74EB0}.Release|Any CPU.ActiveCfg = Release|Any CPU
		{C06D5AF1-5A4C-749B-72EF-6E05C1F74EB0}.Release|Any CPU.Build.0 = Release|Any CPU
		{BE1926A2-F886-61FE-6B01-E33934D0BD33}.Debug|Any CPU.ActiveCfg = Debug|Any CPU
		{BE1926A2-F886-61FE-6B01-E33934D0BD33}.Debug|Any CPU.Build.0 = Debug|Any CPU
		{BE1926A2-F886-61FE-6B01-E33934D0BD33}.Release|Any CPU.ActiveCfg = Release|Any CPU
		{BE1926A2-F886-61FE-6B01-E33934D0BD33}.Release|Any CPU.Build.0 = Release|Any CPU
		{1C85B7E8-1CC0-D890-3983-8DCB815FCEF8}.Debug|Any CPU.ActiveCfg = Debug|Any CPU
		{1C85B7E8-1CC0-D890-3983-8DCB815FCEF8}.Debug|Any CPU.Build.0 = Debug|Any CPU
		{1C85B7E8-1CC0-D890-3983-8DCB815FCEF8}.Release|Any CPU.ActiveCfg = Release|Any CPU
		{1C85B7E8-1CC0-D890-3983-8DCB815FCEF8}.Release|Any CPU.Build.0 = Release|Any CPU
		{20BDC4C6-F84A-6F31-75D9-042B13F650E5}.Debug|Any CPU.ActiveCfg = Debug|Any CPU
		{20BDC4C6-F84A-6F31-75D9-042B13F650E5}.Debug|Any CPU.Build.0 = Debug|Any CPU
		{20BDC4C6-F84A-6F31-75D9-042B13F650E5}.Release|Any CPU.ActiveCfg = Release|Any CPU
		{20BDC4C6-F84A-6F31-75D9-042B13F650E5}.Release|Any CPU.Build.0 = Release|Any CPU
		{A6C3C699-C403-4358-073E-D918B54D3187}.Debug|Any CPU.ActiveCfg = Debug|Any CPU
		{A6C3C699-C403-4358-073E-D918B54D3187}.Debug|Any CPU.Build.0 = Debug|Any CPU
		{A6C3C699-C403-4358-073E-D918B54D3187}.Release|Any CPU.ActiveCfg = Release|Any CPU
		{A6C3C699-C403-4358-073E-D918B54D3187}.Release|Any CPU.Build.0 = Release|Any CPU
		{A452AD83-22AD-CC03-A3FD-778BBFF70167}.Debug|Any CPU.ActiveCfg = Debug|Any CPU
		{A452AD83-22AD-CC03-A3FD-778BBFF70167}.Debug|Any CPU.Build.0 = Debug|Any CPU
		{A452AD83-22AD-CC03-A3FD-778BBFF70167}.Release|Any CPU.ActiveCfg = Release|Any CPU
		{A452AD83-22AD-CC03-A3FD-778BBFF70167}.Release|Any CPU.Build.0 = Release|Any CPU
		{4E15A6D0-9BDE-3AAE-A721-89BE73CCBBFA}.Debug|Any CPU.ActiveCfg = Debug|Any CPU
		{4E15A6D0-9BDE-3AAE-A721-89BE73CCBBFA}.Debug|Any CPU.Build.0 = Debug|Any CPU
		{4E15A6D0-9BDE-3AAE-A721-89BE73CCBBFA}.Release|Any CPU.ActiveCfg = Release|Any CPU
		{4E15A6D0-9BDE-3AAE-A721-89BE73CCBBFA}.Release|Any CPU.Build.0 = Release|Any CPU
		{8B89AA97-5D32-DEC8-FDB7-47D683CF30BA}.Debug|Any CPU.ActiveCfg = Debug|Any CPU
		{8B89AA97-5D32-DEC8-FDB7-47D683CF30BA}.Debug|Any CPU.Build.0 = Debug|Any CPU
		{8B89AA97-5D32-DEC8-FDB7-47D683CF30BA}.Release|Any CPU.ActiveCfg = Release|Any CPU
		{8B89AA97-5D32-DEC8-FDB7-47D683CF30BA}.Release|Any CPU.Build.0 = Release|Any CPU
		{B51B8F5D-8C45-06AB-3AB2-2B4501B70431}.Debug|Any CPU.ActiveCfg = Debug|Any CPU
		{B51B8F5D-8C45-06AB-3AB2-2B4501B70431}.Debug|Any CPU.Build.0 = Debug|Any CPU
		{B51B8F5D-8C45-06AB-3AB2-2B4501B70431}.Release|Any CPU.ActiveCfg = Release|Any CPU
		{B51B8F5D-8C45-06AB-3AB2-2B4501B70431}.Release|Any CPU.Build.0 = Release|Any CPU
		{2287B19C-8F58-B903-8B7F-8009BE3E4BDB}.Debug|Any CPU.ActiveCfg = Debug|Any CPU
		{2287B19C-8F58-B903-8B7F-8009BE3E4BDB}.Debug|Any CPU.Build.0 = Debug|Any CPU
		{2287B19C-8F58-B903-8B7F-8009BE3E4BDB}.Release|Any CPU.ActiveCfg = Release|Any CPU
		{2287B19C-8F58-B903-8B7F-8009BE3E4BDB}.Release|Any CPU.Build.0 = Release|Any CPU
		{083E9AC5-572D-A88A-A1A2-8A8DFB8D17FB}.Debug|Any CPU.ActiveCfg = Debug|Any CPU
		{083E9AC5-572D-A88A-A1A2-8A8DFB8D17FB}.Debug|Any CPU.Build.0 = Debug|Any CPU
		{083E9AC5-572D-A88A-A1A2-8A8DFB8D17FB}.Release|Any CPU.ActiveCfg = Release|Any CPU
		{083E9AC5-572D-A88A-A1A2-8A8DFB8D17FB}.Release|Any CPU.Build.0 = Release|Any CPU
		{DED4DB2D-EA77-559C-ACF1-764C1F023161}.Debug|Any CPU.ActiveCfg = Debug|Any CPU
		{DED4DB2D-EA77-559C-ACF1-764C1F023161}.Debug|Any CPU.Build.0 = Debug|Any CPU
		{DED4DB2D-EA77-559C-ACF1-764C1F023161}.Release|Any CPU.ActiveCfg = Release|Any CPU
		{DED4DB2D-EA77-559C-ACF1-764C1F023161}.Release|Any CPU.Build.0 = Release|Any CPU
		{3E0F8AD0-5A0A-9ED1-1475-9CCACCB12A9C}.Debug|Any CPU.ActiveCfg = Debug|Any CPU
		{3E0F8AD0-5A0A-9ED1-1475-9CCACCB12A9C}.Debug|Any CPU.Build.0 = Debug|Any CPU
		{3E0F8AD0-5A0A-9ED1-1475-9CCACCB12A9C}.Release|Any CPU.ActiveCfg = Release|Any CPU
		{3E0F8AD0-5A0A-9ED1-1475-9CCACCB12A9C}.Release|Any CPU.Build.0 = Release|Any CPU
		{4094C824-743B-F33A-311E-CC496CDA145C}.Debug|Any CPU.ActiveCfg = Debug|Any CPU
		{4094C824-743B-F33A-311E-CC496CDA145C}.Debug|Any CPU.Build.0 = Debug|Any CPU
		{4094C824-743B-F33A-311E-CC496CDA145C}.Release|Any CPU.ActiveCfg = Release|Any CPU
		{4094C824-743B-F33A-311E-CC496CDA145C}.Release|Any CPU.Build.0 = Release|Any CPU
		{CCD3669F-BF0E-5D89-8070-6FC0A3C4B1E7}.Debug|Any CPU.ActiveCfg = Debug|Any CPU
		{CCD3669F-BF0E-5D89-8070-6FC0A3C4B1E7}.Debug|Any CPU.Build.0 = Debug|Any CPU
		{CCD3669F-BF0E-5D89-8070-6FC0A3C4B1E7}.Release|Any CPU.ActiveCfg = Release|Any CPU
		{CCD3669F-BF0E-5D89-8070-6FC0A3C4B1E7}.Release|Any CPU.Build.0 = Release|Any CPU
		{A8953561-6931-3CC3-1A27-81A2E3289257}.Debug|Any CPU.ActiveCfg = Debug|Any CPU
		{A8953561-6931-3CC3-1A27-81A2E3289257}.Debug|Any CPU.Build.0 = Debug|Any CPU
		{A8953561-6931-3CC3-1A27-81A2E3289257}.Release|Any CPU.ActiveCfg = Release|Any CPU
		{A8953561-6931-3CC3-1A27-81A2E3289257}.Release|Any CPU.Build.0 = Release|Any CPU
		{5DC837A7-B323-6129-51EC-107ACFCFE0E6}.Debug|Any CPU.ActiveCfg = Debug|Any CPU
		{5DC837A7-B323-6129-51EC-107ACFCFE0E6}.Debug|Any CPU.Build.0 = Debug|Any CPU
		{5DC837A7-B323-6129-51EC-107ACFCFE0E6}.Release|Any CPU.ActiveCfg = Release|Any CPU
		{5DC837A7-B323-6129-51EC-107ACFCFE0E6}.Release|Any CPU.Build.0 = Release|Any CPU
		{C2DFC11A-CA2C-96DA-E892-AE317626B11C}.Debug|Any CPU.ActiveCfg = Debug|Any CPU
		{C2DFC11A-CA2C-96DA-E892-AE317626B11C}.Debug|Any CPU.Build.0 = Debug|Any CPU
		{C2DFC11A-CA2C-96DA-E892-AE317626B11C}.Release|Any CPU.ActiveCfg = Release|Any CPU
		{C2DFC11A-CA2C-96DA-E892-AE317626B11C}.Release|Any CPU.Build.0 = Release|Any CPU
		{7CA89298-C2A3-9B18-ED50-B8FDA29B9906}.Debug|Any CPU.ActiveCfg = Debug|Any CPU
		{7CA89298-C2A3-9B18-ED50-B8FDA29B9906}.Debug|Any CPU.Build.0 = Debug|Any CPU
		{7CA89298-C2A3-9B18-ED50-B8FDA29B9906}.Release|Any CPU.ActiveCfg = Release|Any CPU
		{7CA89298-C2A3-9B18-ED50-B8FDA29B9906}.Release|Any CPU.Build.0 = Release|Any CPU
		{9A951E79-3374-0EEA-2401-C4F5D514A967}.Debug|Any CPU.ActiveCfg = Debug|Any CPU
		{9A951E79-3374-0EEA-2401-C4F5D514A967}.Debug|Any CPU.Build.0 = Debug|Any CPU
		{9A951E79-3374-0EEA-2401-C4F5D514A967}.Release|Any CPU.ActiveCfg = Release|Any CPU
		{9A951E79-3374-0EEA-2401-C4F5D514A967}.Release|Any CPU.Build.0 = Release|Any CPU
		{6AE32BAA-FAC4-FD6D-86A9-DE28B04DF8C1}.Debug|Any CPU.ActiveCfg = Debug|Any CPU
		{6AE32BAA-FAC4-FD6D-86A9-DE28B04DF8C1}.Debug|Any CPU.Build.0 = Debug|Any CPU
		{6AE32BAA-FAC4-FD6D-86A9-DE28B04DF8C1}.Release|Any CPU.ActiveCfg = Release|Any CPU
		{6AE32BAA-FAC4-FD6D-86A9-DE28B04DF8C1}.Release|Any CPU.Build.0 = Release|Any CPU
		{51E5B645-C7BC-473C-4E44-2FE6E966644A}.Debug|Any CPU.ActiveCfg = Debug|Any CPU
		{51E5B645-C7BC-473C-4E44-2FE6E966644A}.Debug|Any CPU.Build.0 = Debug|Any CPU
		{51E5B645-C7BC-473C-4E44-2FE6E966644A}.Release|Any CPU.ActiveCfg = Release|Any CPU
		{51E5B645-C7BC-473C-4E44-2FE6E966644A}.Release|Any CPU.Build.0 = Release|Any CPU
		{D73D7CC6-6447-C7EC-9FFE-673F7F55344E}.Debug|Any CPU.ActiveCfg = Debug|Any CPU
		{D73D7CC6-6447-C7EC-9FFE-673F7F55344E}.Debug|Any CPU.Build.0 = Debug|Any CPU
		{D73D7CC6-6447-C7EC-9FFE-673F7F55344E}.Release|Any CPU.ActiveCfg = Release|Any CPU
		{D73D7CC6-6447-C7EC-9FFE-673F7F55344E}.Release|Any CPU.Build.0 = Release|Any CPU
		{52D88A58-093C-04DF-8525-F22C3D89D3B7}.Debug|Any CPU.ActiveCfg = Debug|Any CPU
		{52D88A58-093C-04DF-8525-F22C3D89D3B7}.Debug|Any CPU.Build.0 = Debug|Any CPU
		{52D88A58-093C-04DF-8525-F22C3D89D3B7}.Release|Any CPU.ActiveCfg = Release|Any CPU
		{52D88A58-093C-04DF-8525-F22C3D89D3B7}.Release|Any CPU.Build.0 = Release|Any CPU
		{7FD86F1B-9FA1-4917-BD65-57A79D443C1E}.Debug|Any CPU.ActiveCfg = Debug|Any CPU
		{7FD86F1B-9FA1-4917-BD65-57A79D443C1E}.Debug|Any CPU.Build.0 = Debug|Any CPU
		{7FD86F1B-9FA1-4917-BD65-57A79D443C1E}.Release|Any CPU.ActiveCfg = Release|Any CPU
		{7FD86F1B-9FA1-4917-BD65-57A79D443C1E}.Release|Any CPU.Build.0 = Release|Any CPU
		{68E119DD-59FB-9808-4A75-46E380C8F625}.Debug|Any CPU.ActiveCfg = Debug|Any CPU
		{68E119DD-59FB-9808-4A75-46E380C8F625}.Debug|Any CPU.Build.0 = Debug|Any CPU
		{68E119DD-59FB-9808-4A75-46E380C8F625}.Release|Any CPU.ActiveCfg = Release|Any CPU
		{68E119DD-59FB-9808-4A75-46E380C8F625}.Release|Any CPU.Build.0 = Release|Any CPU
		{9755E300-50DA-BE8C-35FF-99227E58B715}.Debug|Any CPU.ActiveCfg = Debug|Any CPU
		{9755E300-50DA-BE8C-35FF-99227E58B715}.Debug|Any CPU.Build.0 = Debug|Any CPU
		{9755E300-50DA-BE8C-35FF-99227E58B715}.Release|Any CPU.ActiveCfg = Release|Any CPU
		{9755E300-50DA-BE8C-35FF-99227E58B715}.Release|Any CPU.Build.0 = Release|Any CPU
		{0950FD25-3470-FCA2-47D6-15F719A2106C}.Debug|Any CPU.ActiveCfg = Debug|Any CPU
		{0950FD25-3470-FCA2-47D6-15F719A2106C}.Debug|Any CPU.Build.0 = Debug|Any CPU
		{0950FD25-3470-FCA2-47D6-15F719A2106C}.Release|Any CPU.ActiveCfg = Release|Any CPU
		{0950FD25-3470-FCA2-47D6-15F719A2106C}.Release|Any CPU.Build.0 = Release|Any CPU
		{1FBB775C-43F6-86B0-7150-0478238535A1}.Debug|Any CPU.ActiveCfg = Debug|Any CPU
		{1FBB775C-43F6-86B0-7150-0478238535A1}.Debug|Any CPU.Build.0 = Debug|Any CPU
		{1FBB775C-43F6-86B0-7150-0478238535A1}.Release|Any CPU.ActiveCfg = Release|Any CPU
		{1FBB775C-43F6-86B0-7150-0478238535A1}.Release|Any CPU.Build.0 = Release|Any CPU
		{1DC389CE-C963-4656-1C3B-4A2C63FE8892}.Debug|Any CPU.ActiveCfg = Debug|Any CPU
		{1DC389CE-C963-4656-1C3B-4A2C63FE8892}.Debug|Any CPU.Build.0 = Debug|Any CPU
		{1DC389CE-C963-4656-1C3B-4A2C63FE8892}.Release|Any CPU.ActiveCfg = Release|Any CPU
		{1DC389CE-C963-4656-1C3B-4A2C63FE8892}.Release|Any CPU.Build.0 = Release|Any CPU
		{C055B4D1-8E44-A493-302B-C55B1F08C20B}.Debug|Any CPU.ActiveCfg = Debug|Any CPU
		{C055B4D1-8E44-A493-302B-C55B1F08C20B}.Debug|Any CPU.Build.0 = Debug|Any CPU
		{C055B4D1-8E44-A493-302B-C55B1F08C20B}.Release|Any CPU.ActiveCfg = Release|Any CPU
		{C055B4D1-8E44-A493-302B-C55B1F08C20B}.Release|Any CPU.Build.0 = Release|Any CPU
		{86F3B99F-C2EE-E8B3-B4D7-5EC292D367A4}.Debug|Any CPU.ActiveCfg = Debug|Any CPU
		{86F3B99F-C2EE-E8B3-B4D7-5EC292D367A4}.Debug|Any CPU.Build.0 = Debug|Any CPU
		{86F3B99F-C2EE-E8B3-B4D7-5EC292D367A4}.Release|Any CPU.ActiveCfg = Release|Any CPU
		{86F3B99F-C2EE-E8B3-B4D7-5EC292D367A4}.Release|Any CPU.Build.0 = Release|Any CPU
		{6EC05DE2-5761-FEBE-AB20-A3918BAFBE8A}.Debug|Any CPU.ActiveCfg = Debug|Any CPU
		{6EC05DE2-5761-FEBE-AB20-A3918BAFBE8A}.Debug|Any CPU.Build.0 = Debug|Any CPU
		{6EC05DE2-5761-FEBE-AB20-A3918BAFBE8A}.Release|Any CPU.ActiveCfg = Release|Any CPU
		{6EC05DE2-5761-FEBE-AB20-A3918BAFBE8A}.Release|Any CPU.Build.0 = Release|Any CPU
		{34137920-2D11-9D8E-521C-60953D549451}.Debug|Any CPU.ActiveCfg = Debug|Any CPU
		{34137920-2D11-9D8E-521C-60953D549451}.Debug|Any CPU.Build.0 = Debug|Any CPU
		{34137920-2D11-9D8E-521C-60953D549451}.Release|Any CPU.ActiveCfg = Release|Any CPU
		{34137920-2D11-9D8E-521C-60953D549451}.Release|Any CPU.Build.0 = Release|Any CPU
		{721084AE-6499-17DF-9E26-A2CE00D6EA51}.Debug|Any CPU.ActiveCfg = Debug|Any CPU
		{721084AE-6499-17DF-9E26-A2CE00D6EA51}.Debug|Any CPU.Build.0 = Debug|Any CPU
		{721084AE-6499-17DF-9E26-A2CE00D6EA51}.Release|Any CPU.ActiveCfg = Release|Any CPU
		{721084AE-6499-17DF-9E26-A2CE00D6EA51}.Release|Any CPU.Build.0 = Release|Any CPU
		{5AB15E5B-F220-12B1-B640-C0A2BC35693F}.Debug|Any CPU.ActiveCfg = Debug|Any CPU
		{5AB15E5B-F220-12B1-B640-C0A2BC35693F}.Debug|Any CPU.Build.0 = Debug|Any CPU
		{5AB15E5B-F220-12B1-B640-C0A2BC35693F}.Release|Any CPU.ActiveCfg = Release|Any CPU
		{5AB15E5B-F220-12B1-B640-C0A2BC35693F}.Release|Any CPU.Build.0 = Release|Any CPU
		{F815B4B2-FD20-C0E3-A992-CD4C2DD1E2BF}.Debug|Any CPU.ActiveCfg = Debug|Any CPU
		{F815B4B2-FD20-C0E3-A992-CD4C2DD1E2BF}.Debug|Any CPU.Build.0 = Debug|Any CPU
		{F815B4B2-FD20-C0E3-A992-CD4C2DD1E2BF}.Release|Any CPU.ActiveCfg = Release|Any CPU
		{F815B4B2-FD20-C0E3-A992-CD4C2DD1E2BF}.Release|Any CPU.Build.0 = Release|Any CPU
		{FF0B662E-C3B5-96C8-D9F8-F9E19EBF63ED}.Debug|Any CPU.ActiveCfg = Debug|Any CPU
		{FF0B662E-C3B5-96C8-D9F8-F9E19EBF63ED}.Debug|Any CPU.Build.0 = Debug|Any CPU
		{FF0B662E-C3B5-96C8-D9F8-F9E19EBF63ED}.Release|Any CPU.ActiveCfg = Release|Any CPU
		{FF0B662E-C3B5-96C8-D9F8-F9E19EBF63ED}.Release|Any CPU.Build.0 = Release|Any CPU
		{3156D773-289C-FD55-615C-1A4C67FB1674}.Debug|Any CPU.ActiveCfg = Debug|Any CPU
		{3156D773-289C-FD55-615C-1A4C67FB1674}.Debug|Any CPU.Build.0 = Debug|Any CPU
		{3156D773-289C-FD55-615C-1A4C67FB1674}.Release|Any CPU.ActiveCfg = Release|Any CPU
		{3156D773-289C-FD55-615C-1A4C67FB1674}.Release|Any CPU.Build.0 = Release|Any CPU
		{FF9328D2-C7D9-FAC0-FC2B-D72FCB5153AE}.Debug|Any CPU.ActiveCfg = Debug|Any CPU
		{FF9328D2-C7D9-FAC0-FC2B-D72FCB5153AE}.Debug|Any CPU.Build.0 = Debug|Any CPU
		{FF9328D2-C7D9-FAC0-FC2B-D72FCB5153AE}.Release|Any CPU.ActiveCfg = Release|Any CPU
		{FF9328D2-C7D9-FAC0-FC2B-D72FCB5153AE}.Release|Any CPU.Build.0 = Release|Any CPU
		{C564A490-EBE0-7BA0-C2EC-BA9237860421}.Debug|Any CPU.ActiveCfg = Debug|Any CPU
		{C564A490-EBE0-7BA0-C2EC-BA9237860421}.Debug|Any CPU.Build.0 = Debug|Any CPU
		{C564A490-EBE0-7BA0-C2EC-BA9237860421}.Release|Any CPU.ActiveCfg = Release|Any CPU
		{C564A490-EBE0-7BA0-C2EC-BA9237860421}.Release|Any CPU.Build.0 = Release|Any CPU
		{1357789B-D04C-05A7-0706-9E520441CC03}.Debug|Any CPU.ActiveCfg = Debug|Any CPU
		{1357789B-D04C-05A7-0706-9E520441CC03}.Debug|Any CPU.Build.0 = Debug|Any CPU
		{1357789B-D04C-05A7-0706-9E520441CC03}.Release|Any CPU.ActiveCfg = Release|Any CPU
		{1357789B-D04C-05A7-0706-9E520441CC03}.Release|Any CPU.Build.0 = Release|Any CPU
		{D280B064-3AEA-4894-7A0C-EF035CB1FFFF}.Debug|Any CPU.ActiveCfg = Debug|Any CPU
		{D280B064-3AEA-4894-7A0C-EF035CB1FFFF}.Debug|Any CPU.Build.0 = Debug|Any CPU
		{D280B064-3AEA-4894-7A0C-EF035CB1FFFF}.Release|Any CPU.ActiveCfg = Release|Any CPU
		{D280B064-3AEA-4894-7A0C-EF035CB1FFFF}.Release|Any CPU.Build.0 = Release|Any CPU
		{C169F7E8-06AC-EEB0-AB4F-83839714E02D}.Debug|Any CPU.ActiveCfg = Debug|Any CPU
		{C169F7E8-06AC-EEB0-AB4F-83839714E02D}.Debug|Any CPU.Build.0 = Debug|Any CPU
		{C169F7E8-06AC-EEB0-AB4F-83839714E02D}.Release|Any CPU.ActiveCfg = Release|Any CPU
		{C169F7E8-06AC-EEB0-AB4F-83839714E02D}.Release|Any CPU.Build.0 = Release|Any CPU
		{F4F03DAF-ABA3-7619-C1D2-F8AE5B08E2B4}.Debug|Any CPU.ActiveCfg = Debug|Any CPU
		{F4F03DAF-ABA3-7619-C1D2-F8AE5B08E2B4}.Debug|Any CPU.Build.0 = Debug|Any CPU
		{F4F03DAF-ABA3-7619-C1D2-F8AE5B08E2B4}.Release|Any CPU.ActiveCfg = Release|Any CPU
		{F4F03DAF-ABA3-7619-C1D2-F8AE5B08E2B4}.Release|Any CPU.Build.0 = Release|Any CPU
		{CE24110D-506F-69B0-F390-05DB33FFD83A}.Debug|Any CPU.ActiveCfg = Debug|Any CPU
		{CE24110D-506F-69B0-F390-05DB33FFD83A}.Debug|Any CPU.Build.0 = Debug|Any CPU
		{CE24110D-506F-69B0-F390-05DB33FFD83A}.Release|Any CPU.ActiveCfg = Release|Any CPU
		{CE24110D-506F-69B0-F390-05DB33FFD83A}.Release|Any CPU.Build.0 = Release|Any CPU
		{6DCF136D-B34C-36C5-928E-D2C9774F2560}.Debug|Any CPU.ActiveCfg = Debug|Any CPU
		{6DCF136D-B34C-36C5-928E-D2C9774F2560}.Debug|Any CPU.Build.0 = Debug|Any CPU
		{6DCF136D-B34C-36C5-928E-D2C9774F2560}.Release|Any CPU.ActiveCfg = Release|Any CPU
		{6DCF136D-B34C-36C5-928E-D2C9774F2560}.Release|Any CPU.Build.0 = Release|Any CPU
	EndGlobalSection
	GlobalSection(SolutionProperties) = preSolution
		HideSolutionNode = FALSE
	EndGlobalSection
EndGlobal
