
Microsoft Visual Studio Solution File, Format Version 11.00
# Visual Studio 2010
Project("{FAE04EC0-301F-11D3-BF4B-00C04F79EFBC}") = "Unity.2D.Tilemap.Extras", "Unity.2D.Tilemap.Extras.csproj", "{408969B0-617A-A966-36CC-A42115CB9558}"
EndProject
Project("{FAE04EC0-301F-11D3-BF4B-00C04F79EFBC}") = "Assembly-CSharp", "Assembly-CSharp.csproj", "{DED4DB2D-EA77-559C-ACF1-764C1F023161}"
EndProject
Project("{FAE04EC0-301F-11D3-BF4B-00C04F79EFBC}") = "Unity.2D.Tilemap.Extras.Editor", "Unity.2D.Tilemap.Extras.Editor.csproj", "{3636F57C-7AEE-3E34-7669-D5C861E8C118}"
EndProject
Project("{FAE04EC0-301F-11D3-BF4B-00C04F79EFBC}") = "Unity.2D.Tilemap.Extras.Placeholder.EditorTests", "Unity.2D.Tilemap.Extras.Placeholder.EditorTests.csproj", "{E5947C4D-744E-844F-2171-0A08EAC9DDBB}"
EndProject
Global
	GlobalSection(SolutionConfigurationPlatforms) = preSolution
		Debug|Any CPU = Debug|Any CPU
		Release|Any CPU = Release|Any CPU
	EndGlobalSection
	GlobalSection(ProjectConfigurationPlatforms) = postSolution
		{408969B0-617A-A966-36CC-A42115CB9558}.Debug|Any CPU.ActiveCfg = Debug|Any CPU
		{408969B0-617A-A966-36CC-A42115CB9558}.Debug|Any CPU.Build.0 = Debug|Any CPU
		{408969B0-617A-A966-36CC-A42115CB9558}.Release|Any CPU.ActiveCfg = Release|Any CPU
		{408969B0-617A-A966-36CC-A42115CB9558}.Release|Any CPU.Build.0 = Release|Any CPU
		{DED4DB2D-EA77-559C-ACF1-764C1F023161}.Debug|Any CPU.ActiveCfg = Debug|Any CPU
		{DED4DB2D-EA77-559C-ACF1-764C1F023161}.Debug|Any CPU.Build.0 = Debug|Any CPU
		{DED4DB2D-EA77-559C-ACF1-764C1F023161}.Release|Any CPU.ActiveCfg = Release|Any CPU
		{DED4DB2D-EA77-559C-ACF1-764C1F023161}.Release|Any CPU.Build.0 = Release|Any CPU
		{3636F57C-7AEE-3E34-7669-D5C861E8C118}.Debug|Any CPU.ActiveCfg = Debug|Any CPU
		{3636F57C-7AEE-3E34-7669-D5C861E8C118}.Debug|Any CPU.Build.0 = Debug|Any CPU
		{3636F57C-7AEE-3E34-7669-D5C861E8C118}.Release|Any CPU.ActiveCfg = Release|Any CPU
		{3636F57C-7AEE-3E34-7669-D5C861E8C118}.Release|Any CPU.Build.0 = Release|Any CPU
		{E5947C4D-744E-844F-2171-0A08EAC9DDBB}.Debug|Any CPU.ActiveCfg = Debug|Any CPU
		{E5947C4D-744E-844F-2171-0A08EAC9DDBB}.Debug|Any CPU.Build.0 = Debug|Any CPU
		{E5947C4D-744E-844F-2171-0A08EAC9DDBB}.Release|Any CPU.ActiveCfg = Release|Any CPU
		{E5947C4D-744E-844F-2171-0A08EAC9DDBB}.Release|Any CPU.Build.0 = Release|Any CPU
	EndGlobalSection
	GlobalSection(SolutionProperties) = preSolution
		HideSolutionNode = FALSE
	EndGlobalSection
EndGlobal
